// !$*UTF8*$!
{
	archiveVersion = 1;
	classes = {
	};
	objectVersion = 56;
	objects = {

/* Begin PBXBuildFile section */
		1A31E21B2B69341300515D97 /* dbManager.swift in Sources */ = {isa = PBXBuildFile; fileRef = 1A31E21A2B69341300515D97 /* dbManager.swift */; };
		1A35531D2B666DFF0097FD80 /* searchViewController.swift in Sources */ = {isa = PBXBuildFile; fileRef = 1A35531C2B666DFF0097FD80 /* searchViewController.swift */; };
		1A35531F2B6671E70097FD80 /* searchViewModel.swift in Sources */ = {isa = PBXBuildFile; fileRef = 1A35531E2B6671E70097FD80 /* searchViewModel.swift */; };
		1A3553222B667EF90097FD80 /* searchViewCell.swift in Sources */ = {isa = PBXBuildFile; fileRef = 1A3553212B667EF90097FD80 /* searchViewCell.swift */; };
		1A3553242B66ACF00097FD80 /* UrlBuilder.swift in Sources */ = {isa = PBXBuildFile; fileRef = 1A3553232B66ACF00097FD80 /* UrlBuilder.swift */; };
		1A88FE692B6831F000F32BF8 /* mockRequestManager.swift in Sources */ = {isa = PBXBuildFile; fileRef = 1A88FE682B6831F000F32BF8 /* mockRequestManager.swift */; };
		1A88FE6B2B68328600F32BF8 /* searchViewModelTest.swift in Sources */ = {isa = PBXBuildFile; fileRef = 1A88FE6A2B68328600F32BF8 /* searchViewModelTest.swift */; };
		1A9A90622B939B0300BAC916 /* dogopediaApp.swift in Sources */ = {isa = PBXBuildFile; fileRef = 1A9A90612B939B0300BAC916 /* dogopediaApp.swift */; };
		1AA890322B64620C00CDAE6B /* breedsViewController.swift in Sources */ = {isa = PBXBuildFile; fileRef = 1AA890312B64620C00CDAE6B /* breedsViewController.swift */; };
		1AA890342B64626A00CDAE6B /* breedsViewModel.swift in Sources */ = {isa = PBXBuildFile; fileRef = 1AA890332B64626A00CDAE6B /* breedsViewModel.swift */; };
		1AA890372B64634300CDAE6B /* RequestManager.swift in Sources */ = {isa = PBXBuildFile; fileRef = 1AA890362B64634300CDAE6B /* RequestManager.swift */; };
		1AA890402B64682000CDAE6B /* Breed.swift in Sources */ = {isa = PBXBuildFile; fileRef = 1AA8903F2B64682000CDAE6B /* Breed.swift */; };
		1ACBBB5E2B67FF6E004DA06B /* breedsViewModelTests.swift in Sources */ = {isa = PBXBuildFile; fileRef = 1ACBBB5D2B67FF6E004DA06B /* breedsViewModelTests.swift */; };
		1ADB48422B65717300CF0B20 /* detailsViewController.swift in Sources */ = {isa = PBXBuildFile; fileRef = 1ADB48412B65717300CF0B20 /* detailsViewController.swift */; };
		1AEFE3FD2B6936F9002CD410 /* Realm in Frameworks */ = {isa = PBXBuildFile; productRef = 1AEFE3FC2B6936F9002CD410 /* Realm */; };
		1AEFE3FF2B6936F9002CD410 /* RealmSwift in Frameworks */ = {isa = PBXBuildFile; productRef = 1AEFE3FE2B6936F9002CD410 /* RealmSwift */; };
		1AEFE4012B6937F7002CD410 /* databaseBreed.swift in Sources */ = {isa = PBXBuildFile; fileRef = 1AEFE4002B6937F7002CD410 /* databaseBreed.swift */; };
		1AEFE4032B693C29002CD410 /* detailsViewModel.swift in Sources */ = {isa = PBXBuildFile; fileRef = 1AEFE4022B693C29002CD410 /* detailsViewModel.swift */; };
		2FA982892B645FC00075E7C4 /* SceneDelegate.swift in Sources */ = {isa = PBXBuildFile; fileRef = 2FA982882B645FC00075E7C4 /* SceneDelegate.swift */; };
		2FA9828E2B645FC00075E7C4 /* Main.storyboard in Resources */ = {isa = PBXBuildFile; fileRef = 2FA9828C2B645FC00075E7C4 /* Main.storyboard */; };
		2FA982902B645FC20075E7C4 /* Assets.xcassets in Resources */ = {isa = PBXBuildFile; fileRef = 2FA9828F2B645FC20075E7C4 /* Assets.xcassets */; };
		2FA982932B645FC20075E7C4 /* LaunchScreen.storyboard in Resources */ = {isa = PBXBuildFile; fileRef = 2FA982912B645FC20075E7C4 /* LaunchScreen.storyboard */; };
/* End PBXBuildFile section */

/* Begin PBXContainerItemProxy section */
		2FA9829A2B645FC30075E7C4 /* PBXContainerItemProxy */ = {
			isa = PBXContainerItemProxy;
			containerPortal = 2FA9827B2B645FC00075E7C4 /* Project object */;
			proxyType = 1;
			remoteGlobalIDString = 2FA982822B645FC00075E7C4;
			remoteInfo = dogopedia;
		};
/* End PBXContainerItemProxy section */

/* Begin PBXFileReference section */
		1A31E21A2B69341300515D97 /* dbManager.swift */ = {isa = PBXFileReference; lastKnownFileType = sourcecode.swift; path = dbManager.swift; sourceTree = "<group>"; };
		1A35531C2B666DFF0097FD80 /* searchViewController.swift */ = {isa = PBXFileReference; lastKnownFileType = sourcecode.swift; path = searchViewController.swift; sourceTree = "<group>"; };
		1A35531E2B6671E70097FD80 /* searchViewModel.swift */ = {isa = PBXFileReference; lastKnownFileType = sourcecode.swift; path = searchViewModel.swift; sourceTree = "<group>"; };
		1A3553212B667EF90097FD80 /* searchViewCell.swift */ = {isa = PBXFileReference; lastKnownFileType = sourcecode.swift; path = searchViewCell.swift; sourceTree = "<group>"; };
		1A3553232B66ACF00097FD80 /* UrlBuilder.swift */ = {isa = PBXFileReference; lastKnownFileType = sourcecode.swift; path = UrlBuilder.swift; sourceTree = "<group>"; };
		1A88FE682B6831F000F32BF8 /* mockRequestManager.swift */ = {isa = PBXFileReference; lastKnownFileType = sourcecode.swift; path = mockRequestManager.swift; sourceTree = "<group>"; };
		1A88FE6A2B68328600F32BF8 /* searchViewModelTest.swift */ = {isa = PBXFileReference; lastKnownFileType = sourcecode.swift; path = searchViewModelTest.swift; sourceTree = "<group>"; };
		1A9A90612B939B0300BAC916 /* dogopediaApp.swift */ = {isa = PBXFileReference; lastKnownFileType = sourcecode.swift; path = dogopediaApp.swift; sourceTree = "<group>"; };
		1AA890312B64620C00CDAE6B /* breedsViewController.swift */ = {isa = PBXFileReference; lastKnownFileType = sourcecode.swift; path = breedsViewController.swift; sourceTree = "<group>"; };
		1AA890332B64626A00CDAE6B /* breedsViewModel.swift */ = {isa = PBXFileReference; lastKnownFileType = sourcecode.swift; path = breedsViewModel.swift; sourceTree = "<group>"; };
		1AA890362B64634300CDAE6B /* RequestManager.swift */ = {isa = PBXFileReference; lastKnownFileType = sourcecode.swift; path = RequestManager.swift; sourceTree = "<group>"; };
		1AA8903F2B64682000CDAE6B /* Breed.swift */ = {isa = PBXFileReference; lastKnownFileType = sourcecode.swift; path = Breed.swift; sourceTree = "<group>"; };
		1ACBBB5D2B67FF6E004DA06B /* breedsViewModelTests.swift */ = {isa = PBXFileReference; lastKnownFileType = sourcecode.swift; path = breedsViewModelTests.swift; sourceTree = "<group>"; };
		1ADB48412B65717300CF0B20 /* detailsViewController.swift */ = {isa = PBXFileReference; lastKnownFileType = sourcecode.swift; path = detailsViewController.swift; sourceTree = "<group>"; };
		1AEFE4002B6937F7002CD410 /* databaseBreed.swift */ = {isa = PBXFileReference; lastKnownFileType = sourcecode.swift; path = databaseBreed.swift; sourceTree = "<group>"; };
		1AEFE4022B693C29002CD410 /* detailsViewModel.swift */ = {isa = PBXFileReference; lastKnownFileType = sourcecode.swift; path = detailsViewModel.swift; sourceTree = "<group>"; };
		2FA982832B645FC00075E7C4 /* dogopedia.app */ = {isa = PBXFileReference; explicitFileType = wrapper.application; includeInIndex = 0; path = dogopedia.app; sourceTree = BUILT_PRODUCTS_DIR; };
		2FA982882B645FC00075E7C4 /* SceneDelegate.swift */ = {isa = PBXFileReference; lastKnownFileType = sourcecode.swift; path = SceneDelegate.swift; sourceTree = "<group>"; };
		2FA9828D2B645FC00075E7C4 /* Base */ = {isa = PBXFileReference; lastKnownFileType = file.storyboard; name = Base; path = Base.lproj/Main.storyboard; sourceTree = "<group>"; };
		2FA9828F2B645FC20075E7C4 /* Assets.xcassets */ = {isa = PBXFileReference; lastKnownFileType = folder.assetcatalog; path = Assets.xcassets; sourceTree = "<group>"; };
		2FA982922B645FC20075E7C4 /* Base */ = {isa = PBXFileReference; lastKnownFileType = file.storyboard; name = Base; path = Base.lproj/LaunchScreen.storyboard; sourceTree = "<group>"; };
		2FA982942B645FC20075E7C4 /* Info.plist */ = {isa = PBXFileReference; lastKnownFileType = text.plist.xml; path = Info.plist; sourceTree = "<group>"; };
		2FA982992B645FC30075E7C4 /* dogopediaTests.xctest */ = {isa = PBXFileReference; explicitFileType = wrapper.cfbundle; includeInIndex = 0; path = dogopediaTests.xctest; sourceTree = BUILT_PRODUCTS_DIR; };
/* End PBXFileReference section */

/* Begin PBXFrameworksBuildPhase section */
		2FA982802B645FC00075E7C4 /* Frameworks */ = {
			isa = PBXFrameworksBuildPhase;
			buildActionMask = 2147483647;
			files = (
				1AEFE3FF2B6936F9002CD410 /* RealmSwift in Frameworks */,
				1AEFE3FD2B6936F9002CD410 /* Realm in Frameworks */,
			);
			runOnlyForDeploymentPostprocessing = 0;
		};
		2FA982962B645FC30075E7C4 /* Frameworks */ = {
			isa = PBXFrameworksBuildPhase;
			buildActionMask = 2147483647;
			files = (
			);
			runOnlyForDeploymentPostprocessing = 0;
		};
/* End PBXFrameworksBuildPhase section */

/* Begin PBXGroup section */
		1A24DF612B67A8040054E4C2 /* views */ = {
			isa = PBXGroup;
			children = (
				1AA890302B6461E100CDAE6B /* breedsView */,
				1ADB48402B65715900CF0B20 /* detailsView */,
				1A35531B2B666DEE0097FD80 /* searchView */,
			);
			path = views;
			sourceTree = "<group>";
		};
		1A31E2182B6933F900515D97 /* database */ = {
			isa = PBXGroup;
			children = (
				1A31E21A2B69341300515D97 /* dbManager.swift */,
			);
			path = database;
			sourceTree = "<group>";
		};
		1A35531B2B666DEE0097FD80 /* searchView */ = {
			isa = PBXGroup;
			children = (
				1A3553202B667EE00097FD80 /* searchViewCell */,
				1A35531C2B666DFF0097FD80 /* searchViewController.swift */,
				1A35531E2B6671E70097FD80 /* searchViewModel.swift */,
			);
			path = searchView;
			sourceTree = "<group>";
		};
		1A3553202B667EE00097FD80 /* searchViewCell */ = {
			isa = PBXGroup;
			children = (
				1A3553212B667EF90097FD80 /* searchViewCell.swift */,
			);
			path = searchViewCell;
			sourceTree = "<group>";
		};
		1A88FE672B6831E400F32BF8 /* Mocks */ = {
			isa = PBXGroup;
			children = (
				1A88FE682B6831F000F32BF8 /* mockRequestManager.swift */,
			);
			path = Mocks;
			sourceTree = "<group>";
		};
		1AA890302B6461E100CDAE6B /* breedsView */ = {
			isa = PBXGroup;
			children = (
				1AA890312B64620C00CDAE6B /* breedsViewController.swift */,
				1AA890332B64626A00CDAE6B /* breedsViewModel.swift */,
			);
			path = breedsView;
			sourceTree = "<group>";
		};
		1AA890352B64632500CDAE6B /* network */ = {
			isa = PBXGroup;
			children = (
				1AA890362B64634300CDAE6B /* RequestManager.swift */,
				1A3553232B66ACF00097FD80 /* UrlBuilder.swift */,
			);
			path = network;
			sourceTree = "<group>";
		};
		1AA8903E2B64681000CDAE6B /* models */ = {
			isa = PBXGroup;
			children = (
				1AA8903F2B64682000CDAE6B /* Breed.swift */,
				1AEFE4002B6937F7002CD410 /* databaseBreed.swift */,
			);
			path = models;
			sourceTree = "<group>";
		};
		1ADB48402B65715900CF0B20 /* detailsView */ = {
			isa = PBXGroup;
			children = (
				1ADB48412B65717300CF0B20 /* detailsViewController.swift */,
				1AEFE4022B693C29002CD410 /* detailsViewModel.swift */,
			);
			path = detailsView;
			sourceTree = "<group>";
		};
		1AEFE3FB2B6936F9002CD410 /* Frameworks */ = {
			isa = PBXGroup;
			children = (
			);
			name = Frameworks;
			sourceTree = "<group>";
		};
		2FA9827A2B645FC00075E7C4 = {
			isa = PBXGroup;
			children = (
				2FA982852B645FC00075E7C4 /* dogopedia */,
				2FA9829C2B645FC30075E7C4 /* dogopediaTests */,
				2FA982842B645FC00075E7C4 /* Products */,
				1AEFE3FB2B6936F9002CD410 /* Frameworks */,
			);
			sourceTree = "<group>";
		};
		2FA982842B645FC00075E7C4 /* Products */ = {
			isa = PBXGroup;
			children = (
				2FA982832B645FC00075E7C4 /* dogopedia.app */,
				2FA982992B645FC30075E7C4 /* dogopediaTests.xctest */,
			);
			name = Products;
			sourceTree = "<group>";
		};
		2FA982852B645FC00075E7C4 /* dogopedia */ = {
			isa = PBXGroup;
			children = (
				1A31E2182B6933F900515D97 /* database */,
				1A24DF612B67A8040054E4C2 /* views */,
				1AA8903E2B64681000CDAE6B /* models */,
				1AA890352B64632500CDAE6B /* network */,
				2FA982882B645FC00075E7C4 /* SceneDelegate.swift */,
				1A9A90612B939B0300BAC916 /* dogopediaApp.swift */,
				2FA9828C2B645FC00075E7C4 /* Main.storyboard */,
				2FA9828F2B645FC20075E7C4 /* Assets.xcassets */,
				2FA982912B645FC20075E7C4 /* LaunchScreen.storyboard */,
				2FA982942B645FC20075E7C4 /* Info.plist */,
			);
			path = dogopedia;
			sourceTree = "<group>";
		};
		2FA9829C2B645FC30075E7C4 /* dogopediaTests */ = {
			isa = PBXGroup;
			children = (
				1A88FE672B6831E400F32BF8 /* Mocks */,
				1ACBBB5D2B67FF6E004DA06B /* breedsViewModelTests.swift */,
				1A88FE6A2B68328600F32BF8 /* searchViewModelTest.swift */,
			);
			path = dogopediaTests;
			sourceTree = "<group>";
		};
/* End PBXGroup section */

/* Begin PBXNativeTarget section */
		2FA982822B645FC00075E7C4 /* dogopedia */ = {
			isa = PBXNativeTarget;
			buildConfigurationList = 2FA982AD2B645FC30075E7C4 /* Build configuration list for PBXNativeTarget "dogopedia" */;
			buildPhases = (
				2FA9827F2B645FC00075E7C4 /* Sources */,
				2FA982802B645FC00075E7C4 /* Frameworks */,
				2FA982812B645FC00075E7C4 /* Resources */,
			);
			buildRules = (
			);
			dependencies = (
			);
			name = dogopedia;
			packageProductDependencies = (
				1AEFE3FC2B6936F9002CD410 /* Realm */,
				1AEFE3FE2B6936F9002CD410 /* RealmSwift */,
			);
			productName = dogopedia;
			productReference = 2FA982832B645FC00075E7C4 /* dogopedia.app */;
			productType = "com.apple.product-type.application";
		};
		2FA982982B645FC30075E7C4 /* dogopediaTests */ = {
			isa = PBXNativeTarget;
			buildConfigurationList = 2FA982B02B645FC30075E7C4 /* Build configuration list for PBXNativeTarget "dogopediaTests" */;
			buildPhases = (
				2FA982952B645FC30075E7C4 /* Sources */,
				2FA982962B645FC30075E7C4 /* Frameworks */,
				2FA982972B645FC30075E7C4 /* Resources */,
			);
			buildRules = (
			);
			dependencies = (
				2FA9829B2B645FC30075E7C4 /* PBXTargetDependency */,
			);
			name = dogopediaTests;
			productName = dogopediaTests;
			productReference = 2FA982992B645FC30075E7C4 /* dogopediaTests.xctest */;
			productType = "com.apple.product-type.bundle.unit-test";
		};
/* End PBXNativeTarget section */

/* Begin PBXProject section */
		2FA9827B2B645FC00075E7C4 /* Project object */ = {
			isa = PBXProject;
			attributes = {
				BuildIndependentTargetsInParallel = 1;
				LastSwiftUpdateCheck = 1410;
				LastUpgradeCheck = 1410;
				TargetAttributes = {
					2FA982822B645FC00075E7C4 = {
						CreatedOnToolsVersion = 14.1;
					};
					2FA982982B645FC30075E7C4 = {
						CreatedOnToolsVersion = 14.1;
						TestTargetID = 2FA982822B645FC00075E7C4;
					};
				};
			};
			buildConfigurationList = 2FA9827E2B645FC00075E7C4 /* Build configuration list for PBXProject "dogopedia" */;
			compatibilityVersion = "Xcode 14.0";
			developmentRegion = en;
			hasScannedForEncodings = 0;
			knownRegions = (
				en,
				Base,
			);
			mainGroup = 2FA9827A2B645FC00075E7C4;
			packageReferences = (
				1AEFE3FA2B69364F002CD410 /* XCRemoteSwiftPackageReference "realm-swift" */,
			);
			productRefGroup = 2FA982842B645FC00075E7C4 /* Products */;
			projectDirPath = "";
			projectRoot = "";
			targets = (
				2FA982822B645FC00075E7C4 /* dogopedia */,
				2FA982982B645FC30075E7C4 /* dogopediaTests */,
			);
		};
/* End PBXProject section */

/* Begin PBXResourcesBuildPhase section */
		2FA982812B645FC00075E7C4 /* Resources */ = {
			isa = PBXResourcesBuildPhase;
			buildActionMask = 2147483647;
			files = (
				2FA982932B645FC20075E7C4 /* LaunchScreen.storyboard in Resources */,
				2FA982902B645FC20075E7C4 /* Assets.xcassets in Resources */,
				2FA9828E2B645FC00075E7C4 /* Main.storyboard in Resources */,
			);
			runOnlyForDeploymentPostprocessing = 0;
		};
		2FA982972B645FC30075E7C4 /* Resources */ = {
			isa = PBXResourcesBuildPhase;
			buildActionMask = 2147483647;
			files = (
			);
			runOnlyForDeploymentPostprocessing = 0;
		};
/* End PBXResourcesBuildPhase section */

/* Begin PBXSourcesBuildPhase section */
		2FA9827F2B645FC00075E7C4 /* Sources */ = {
			isa = PBXSourcesBuildPhase;
			buildActionMask = 2147483647;
			files = (
				1AA890322B64620C00CDAE6B /* breedsViewController.swift in Sources */,
				1AEFE4032B693C29002CD410 /* detailsViewModel.swift in Sources */,
				1A35531D2B666DFF0097FD80 /* searchViewController.swift in Sources */,
				1A35531F2B6671E70097FD80 /* searchViewModel.swift in Sources */,
				1A3553242B66ACF00097FD80 /* UrlBuilder.swift in Sources */,
				1ADB48422B65717300CF0B20 /* detailsViewController.swift in Sources */,
				2FA982892B645FC00075E7C4 /* SceneDelegate.swift in Sources */,
				1AA890372B64634300CDAE6B /* RequestManager.swift in Sources */,
				1A9A90622B939B0300BAC916 /* dogopediaApp.swift in Sources */,
				1AA890402B64682000CDAE6B /* Breed.swift in Sources */,
				1A3553222B667EF90097FD80 /* searchViewCell.swift in Sources */,
				1AA890342B64626A00CDAE6B /* breedsViewModel.swift in Sources */,
				1A31E21B2B69341300515D97 /* dbManager.swift in Sources */,
				1AEFE4012B6937F7002CD410 /* databaseBreed.swift in Sources */,
			);
			runOnlyForDeploymentPostprocessing = 0;
		};
		2FA982952B645FC30075E7C4 /* Sources */ = {
			isa = PBXSourcesBuildPhase;
			buildActionMask = 2147483647;
			files = (
				1A88FE692B6831F000F32BF8 /* mockRequestManager.swift in Sources */,
				1ACBBB5E2B67FF6E004DA06B /* breedsViewModelTests.swift in Sources */,
				1A88FE6B2B68328600F32BF8 /* searchViewModelTest.swift in Sources */,
			);
			runOnlyForDeploymentPostprocessing = 0;
		};
/* End PBXSourcesBuildPhase section */

/* Begin PBXTargetDependency section */
		2FA9829B2B645FC30075E7C4 /* PBXTargetDependency */ = {
			isa = PBXTargetDependency;
			target = 2FA982822B645FC00075E7C4 /* dogopedia */;
			targetProxy = 2FA9829A2B645FC30075E7C4 /* PBXContainerItemProxy */;
		};
/* End PBXTargetDependency section */

/* Begin PBXVariantGroup section */
		2FA9828C2B645FC00075E7C4 /* Main.storyboard */ = {
			isa = PBXVariantGroup;
			children = (
				2FA9828D2B645FC00075E7C4 /* Base */,
			);
			name = Main.storyboard;
			sourceTree = "<group>";
		};
		2FA982912B645FC20075E7C4 /* LaunchScreen.storyboard */ = {
			isa = PBXVariantGroup;
			children = (
				2FA982922B645FC20075E7C4 /* Base */,
			);
			name = LaunchScreen.storyboard;
			sourceTree = "<group>";
		};
/* End PBXVariantGroup section */

/* Begin XCBuildConfiguration section */
		2FA982AB2B645FC30075E7C4 /* Debug */ = {
			isa = XCBuildConfiguration;
			buildSettings = {
				ALWAYS_SEARCH_USER_PATHS = NO;
				CLANG_ANALYZER_NONNULL = YES;
				CLANG_ANALYZER_NUMBER_OBJECT_CONVERSION = YES_AGGRESSIVE;
				CLANG_CXX_LANGUAGE_STANDARD = "gnu++20";
				CLANG_ENABLE_MODULES = YES;
				CLANG_ENABLE_OBJC_ARC = YES;
				CLANG_ENABLE_OBJC_WEAK = YES;
				CLANG_WARN_BLOCK_CAPTURE_AUTORELEASING = YES;
				CLANG_WARN_BOOL_CONVERSION = YES;
				CLANG_WARN_COMMA = YES;
				CLANG_WARN_CONSTANT_CONVERSION = YES;
				CLANG_WARN_DEPRECATED_OBJC_IMPLEMENTATIONS = YES;
				CLANG_WARN_DIRECT_OBJC_ISA_USAGE = YES_ERROR;
				CLANG_WARN_DOCUMENTATION_COMMENTS = YES;
				CLANG_WARN_EMPTY_BODY = YES;
				CLANG_WARN_ENUM_CONVERSION = YES;
				CLANG_WARN_INFINITE_RECURSION = YES;
				CLANG_WARN_INT_CONVERSION = YES;
				CLANG_WARN_NON_LITERAL_NULL_CONVERSION = YES;
				CLANG_WARN_OBJC_IMPLICIT_RETAIN_SELF = YES;
				CLANG_WARN_OBJC_LITERAL_CONVERSION = YES;
				CLANG_WARN_OBJC_ROOT_CLASS = YES_ERROR;
				CLANG_WARN_QUOTED_INCLUDE_IN_FRAMEWORK_HEADER = YES;
				CLANG_WARN_RANGE_LOOP_ANALYSIS = YES;
				CLANG_WARN_STRICT_PROTOTYPES = YES;
				CLANG_WARN_SUSPICIOUS_MOVE = YES;
				CLANG_WARN_UNGUARDED_AVAILABILITY = YES_AGGRESSIVE;
				CLANG_WARN_UNREACHABLE_CODE = YES;
				CLANG_WARN__DUPLICATE_METHOD_MATCH = YES;
				COPY_PHASE_STRIP = NO;
				DEBUG_INFORMATION_FORMAT = dwarf;
				ENABLE_STRICT_OBJC_MSGSEND = YES;
				ENABLE_TESTABILITY = YES;
				GCC_C_LANGUAGE_STANDARD = gnu11;
				GCC_DYNAMIC_NO_PIC = NO;
				GCC_NO_COMMON_BLOCKS = YES;
				GCC_OPTIMIZATION_LEVEL = 0;
				GCC_PREPROCESSOR_DEFINITIONS = (
					"DEBUG=1",
					"$(inherited)",
				);
				GCC_WARN_64_TO_32_BIT_CONVERSION = YES;
				GCC_WARN_ABOUT_RETURN_TYPE = YES_ERROR;
				GCC_WARN_UNDECLARED_SELECTOR = YES;
				GCC_WARN_UNINITIALIZED_AUTOS = YES_AGGRESSIVE;
				GCC_WARN_UNUSED_FUNCTION = YES;
				GCC_WARN_UNUSED_VARIABLE = YES;
				IPHONEOS_DEPLOYMENT_TARGET = 16.1;
				MTL_ENABLE_DEBUG_INFO = INCLUDE_SOURCE;
				MTL_FAST_MATH = YES;
				ONLY_ACTIVE_ARCH = YES;
				SDKROOT = iphoneos;
				SWIFT_ACTIVE_COMPILATION_CONDITIONS = DEBUG;
				SWIFT_OPTIMIZATION_LEVEL = "-Onone";
			};
			name = Debug;
		};
		2FA982AC2B645FC30075E7C4 /* Release */ = {
			isa = XCBuildConfiguration;
			buildSettings = {
				ALWAYS_SEARCH_USER_PATHS = NO;
				CLANG_ANALYZER_NONNULL = YES;
				CLANG_ANALYZER_NUMBER_OBJECT_CONVERSION = YES_AGGRESSIVE;
				CLANG_CXX_LANGUAGE_STANDARD = "gnu++20";
				CLANG_ENABLE_MODULES = YES;
				CLANG_ENABLE_OBJC_ARC = YES;
				CLANG_ENABLE_OBJC_WEAK = YES;
				CLANG_WARN_BLOCK_CAPTURE_AUTORELEASING = YES;
				CLANG_WARN_BOOL_CONVERSION = YES;
				CLANG_WARN_COMMA = YES;
				CLANG_WARN_CONSTANT_CONVERSION = YES;
				CLANG_WARN_DEPRECATED_OBJC_IMPLEMENTATIONS = YES;
				CLANG_WARN_DIRECT_OBJC_ISA_USAGE = YES_ERROR;
				CLANG_WARN_DOCUMENTATION_COMMENTS = YES;
				CLANG_WARN_EMPTY_BODY = YES;
				CLANG_WARN_ENUM_CONVERSION = YES;
				CLANG_WARN_INFINITE_RECURSION = YES;
				CLANG_WARN_INT_CONVERSION = YES;
				CLANG_WARN_NON_LITERAL_NULL_CONVERSION = YES;
				CLANG_WARN_OBJC_IMPLICIT_RETAIN_SELF = YES;
				CLANG_WARN_OBJC_LITERAL_CONVERSION = YES;
				CLANG_WARN_OBJC_ROOT_CLASS = YES_ERROR;
				CLANG_WARN_QUOTED_INCLUDE_IN_FRAMEWORK_HEADER = YES;
				CLANG_WARN_RANGE_LOOP_ANALYSIS = YES;
				CLANG_WARN_STRICT_PROTOTYPES = YES;
				CLANG_WARN_SUSPICIOUS_MOVE = YES;
				CLANG_WARN_UNGUARDED_AVAILABILITY = YES_AGGRESSIVE;
				CLANG_WARN_UNREACHABLE_CODE = YES;
				CLANG_WARN__DUPLICATE_METHOD_MATCH = YES;
				COPY_PHASE_STRIP = NO;
				DEBUG_INFORMATION_FORMAT = "dwarf-with-dsym";
				ENABLE_NS_ASSERTIONS = NO;
				ENABLE_STRICT_OBJC_MSGSEND = YES;
				GCC_C_LANGUAGE_STANDARD = gnu11;
				GCC_NO_COMMON_BLOCKS = YES;
				GCC_WARN_64_TO_32_BIT_CONVERSION = YES;
				GCC_WARN_ABOUT_RETURN_TYPE = YES_ERROR;
				GCC_WARN_UNDECLARED_SELECTOR = YES;
				GCC_WARN_UNINITIALIZED_AUTOS = YES_AGGRESSIVE;
				GCC_WARN_UNUSED_FUNCTION = YES;
				GCC_WARN_UNUSED_VARIABLE = YES;
				IPHONEOS_DEPLOYMENT_TARGET = 16.1;
				MTL_ENABLE_DEBUG_INFO = NO;
				MTL_FAST_MATH = YES;
				SDKROOT = iphoneos;
				SWIFT_COMPILATION_MODE = wholemodule;
				SWIFT_OPTIMIZATION_LEVEL = "-O";
				VALIDATE_PRODUCT = YES;
			};
			name = Release;
		};
		2FA982AE2B645FC30075E7C4 /* Debug */ = {
			isa = XCBuildConfiguration;
			buildSettings = {
				ASSETCATALOG_COMPILER_APPICON_NAME = AppIcon;
				ASSETCATALOG_COMPILER_GLOBAL_ACCENT_COLOR_NAME = AccentColor;
				CODE_SIGN_STYLE = Automatic;
				CURRENT_PROJECT_VERSION = 1;
				GENERATE_INFOPLIST_FILE = YES;
				INFOPLIST_FILE = dogopedia/Info.plist;
				INFOPLIST_KEY_UIApplicationSupportsIndirectInputEvents = YES;
				INFOPLIST_KEY_UILaunchStoryboardName = LaunchScreen;
				INFOPLIST_KEY_UISupportedInterfaceOrientations_iPad = "UIInterfaceOrientationPortrait UIInterfaceOrientationPortraitUpsideDown UIInterfaceOrientationLandscapeLeft UIInterfaceOrientationLandscapeRight";
				INFOPLIST_KEY_UISupportedInterfaceOrientations_iPhone = "UIInterfaceOrientationPortrait UIInterfaceOrientationLandscapeLeft UIInterfaceOrientationLandscapeRight";
				LD_RUNPATH_SEARCH_PATHS = (
					"$(inherited)",
					"@executable_path/Frameworks",
				);
				MARKETING_VERSION = 1.0;
				PRODUCT_BUNDLE_IDENTIFIER = mattcbr.dogopedia;
				PRODUCT_NAME = "$(TARGET_NAME)";
				SWIFT_EMIT_LOC_STRINGS = YES;
				SWIFT_VERSION = 5.0;
				TARGETED_DEVICE_FAMILY = "1,2";
			};
			name = Debug;
		};
		2FA982AF2B645FC30075E7C4 /* Release */ = {
			isa = XCBuildConfiguration;
			buildSettings = {
				ASSETCATALOG_COMPILER_APPICON_NAME = AppIcon;
				ASSETCATALOG_COMPILER_GLOBAL_ACCENT_COLOR_NAME = AccentColor;
				CODE_SIGN_STYLE = Automatic;
				CURRENT_PROJECT_VERSION = 1;
				GENERATE_INFOPLIST_FILE = YES;
				INFOPLIST_FILE = dogopedia/Info.plist;
				INFOPLIST_KEY_UIApplicationSupportsIndirectInputEvents = YES;
				INFOPLIST_KEY_UILaunchStoryboardName = LaunchScreen;
				INFOPLIST_KEY_UISupportedInterfaceOrientations_iPad = "UIInterfaceOrientationPortrait UIInterfaceOrientationPortraitUpsideDown UIInterfaceOrientationLandscapeLeft UIInterfaceOrientationLandscapeRight";
				INFOPLIST_KEY_UISupportedInterfaceOrientations_iPhone = "UIInterfaceOrientationPortrait UIInterfaceOrientationLandscapeLeft UIInterfaceOrientationLandscapeRight";
				LD_RUNPATH_SEARCH_PATHS = (
					"$(inherited)",
					"@executable_path/Frameworks",
				);
				MARKETING_VERSION = 1.0;
				PRODUCT_BUNDLE_IDENTIFIER = mattcbr.dogopedia;
				PRODUCT_NAME = "$(TARGET_NAME)";
				SWIFT_EMIT_LOC_STRINGS = YES;
				SWIFT_VERSION = 5.0;
				TARGETED_DEVICE_FAMILY = "1,2";
			};
			name = Release;
		};
		2FA982B12B645FC30075E7C4 /* Debug */ = {
			isa = XCBuildConfiguration;
			buildSettings = {
				ALWAYS_EMBED_SWIFT_STANDARD_LIBRARIES = YES;
				BUNDLE_LOADER = "$(TEST_HOST)";
				CODE_SIGN_STYLE = Automatic;
				CURRENT_PROJECT_VERSION = 1;
				GENERATE_INFOPLIST_FILE = YES;
				IPHONEOS_DEPLOYMENT_TARGET = 16.1;
				MARKETING_VERSION = 1.0;
				PRODUCT_BUNDLE_IDENTIFIER = mattcbr.dogopediaTests;
				PRODUCT_NAME = "$(TARGET_NAME)";
				SWIFT_EMIT_LOC_STRINGS = NO;
				SWIFT_VERSION = 5.0;
				TARGETED_DEVICE_FAMILY = "1,2";
				TEST_HOST = "$(BUILT_PRODUCTS_DIR)/dogopedia.app/$(BUNDLE_EXECUTABLE_FOLDER_PATH)/dogopedia";
			};
			name = Debug;
		};
		2FA982B22B645FC30075E7C4 /* Release */ = {
			isa = XCBuildConfiguration;
			buildSettings = {
				ALWAYS_EMBED_SWIFT_STANDARD_LIBRARIES = YES;
				BUNDLE_LOADER = "$(TEST_HOST)";
				CODE_SIGN_STYLE = Automatic;
				CURRENT_PROJECT_VERSION = 1;
				GENERATE_INFOPLIST_FILE = YES;
				IPHONEOS_DEPLOYMENT_TARGET = 16.1;
				MARKETING_VERSION = 1.0;
				PRODUCT_BUNDLE_IDENTIFIER = mattcbr.dogopediaTests;
				PRODUCT_NAME = "$(TARGET_NAME)";
				SWIFT_EMIT_LOC_STRINGS = NO;
				SWIFT_VERSION = 5.0;
				TARGETED_DEVICE_FAMILY = "1,2";
				TEST_HOST = "$(BUILT_PRODUCTS_DIR)/dogopedia.app/$(BUNDLE_EXECUTABLE_FOLDER_PATH)/dogopedia";
			};
			name = Release;
		};
/* End XCBuildConfiguration section */

/* Begin XCConfigurationList section */
		2FA9827E2B645FC00075E7C4 /* Build configuration list for PBXProject "dogopedia" */ = {
			isa = XCConfigurationList;
			buildConfigurations = (
				2FA982AB2B645FC30075E7C4 /* Debug */,
				2FA982AC2B645FC30075E7C4 /* Release */,
			);
			defaultConfigurationIsVisible = 0;
			defaultConfigurationName = Release;
		};
		2FA982AD2B645FC30075E7C4 /* Build configuration list for PBXNativeTarget "dogopedia" */ = {
			isa = XCConfigurationList;
			buildConfigurations = (
				2FA982AE2B645FC30075E7C4 /* Debug */,
				2FA982AF2B645FC30075E7C4 /* Release */,
			);
			defaultConfigurationIsVisible = 0;
			defaultConfigurationName = Release;
		};
		2FA982B02B645FC30075E7C4 /* Build configuration list for PBXNativeTarget "dogopediaTests" */ = {
			isa = XCConfigurationList;
			buildConfigurations = (
				2FA982B12B645FC30075E7C4 /* Debug */,
				2FA982B22B645FC30075E7C4 /* Release */,
			);
			defaultConfigurationIsVisible = 0;
			defaultConfigurationName = Release;
		};
/* End XCConfigurationList section */

/* Begin XCRemoteSwiftPackageReference section */
		1AEFE3FA2B69364F002CD410 /* XCRemoteSwiftPackageReference "realm-swift" */ = {
			isa = XCRemoteSwiftPackageReference;
			repositoryURL = "https://github.com/realm/realm-swift.git";
			requirement = {
				branch = master;
				kind = branch;
			};
		};
/* End XCRemoteSwiftPackageReference section */

/* Begin XCSwiftPackageProductDependency section */
		1AEFE3FC2B6936F9002CD410 /* Realm */ = {
			isa = XCSwiftPackageProductDependency;
			package = 1AEFE3FA2B69364F002CD410 /* XCRemoteSwiftPackageReference "realm-swift" */;
			productName = Realm;
		};
		1AEFE3FE2B6936F9002CD410 /* RealmSwift */ = {
			isa = XCSwiftPackageProductDependency;
			package = 1AEFE3FA2B69364F002CD410 /* XCRemoteSwiftPackageReference "realm-swift" */;
			productName = RealmSwift;
		};
/* End XCSwiftPackageProductDependency section */
	};
	rootObject = 2FA9827B2B645FC00075E7C4 /* Project object */;
}
